// !$*UTF8*$!
{
	archiveVersion = 1;
	classes = {
	};
	objectVersion = 46;
	objects = {

/* Begin PBXBuildFile section */
		EDB3175E1C4C4A75008CE53F /* main.m in Sources */ = {isa = PBXBuildFile; fileRef = EDB3175D1C4C4A75008CE53F /* main.m */; };
		EDB317661C4C4C7C008CE53F /* GameBoard.m in Sources */ = {isa = PBXBuildFile; fileRef = EDB317651C4C4C7C008CE53F /* GameBoard.m */; };
		EDB317691C4C4CC6008CE53F /* PlayerToken.m in Sources */ = {isa = PBXBuildFile; fileRef = EDB317681C4C4CC6008CE53F /* PlayerToken.m */; };
		EDB317751C4C4E93008CE53F /* GameBoardSquare.m in Sources */ = {isa = PBXBuildFile; fileRef = EDB317741C4C4E93008CE53F /* GameBoardSquare.m */; };
		EDB317781C4C6A7E008CE53F /* InputController.m in Sources */ = {isa = PBXBuildFile; fileRef = EDB317771C4C6A7E008CE53F /* InputController.m */; };
/* End PBXBuildFile section */

/* Begin PBXCopyFilesBuildPhase section */
		EDB317581C4C4A75008CE53F /* CopyFiles */ = {
			isa = PBXCopyFilesBuildPhase;
			buildActionMask = 2147483647;
			dstPath = /usr/share/man/man1/;
			dstSubfolderSpec = 0;
			files = (
			);
			runOnlyForDeploymentPostprocessing = 1;
		};
/* End PBXCopyFilesBuildPhase section */

/* Begin PBXFileReference section */
		EDB3175A1C4C4A75008CE53F /* SnakesAndLadders */ = {isa = PBXFileReference; explicitFileType = "compiled.mach-o.executable"; includeInIndex = 0; path = SnakesAndLadders; sourceTree = BUILT_PRODUCTS_DIR; };
		EDB3175D1C4C4A75008CE53F /* main.m */ = {isa = PBXFileReference; lastKnownFileType = sourcecode.c.objc; path = main.m; sourceTree = "<group>"; };
		EDB317641C4C4C7C008CE53F /* GameBoard.h */ = {isa = PBXFileReference; fileEncoding = 4; lastKnownFileType = sourcecode.c.h; name = GameBoard.h; path = ../GameBoard.h; sourceTree = "<group>"; };
		EDB317651C4C4C7C008CE53F /* GameBoard.m */ = {isa = PBXFileReference; fileEncoding = 4; lastKnownFileType = sourcecode.c.objc; name = GameBoard.m; path = ../GameBoard.m; sourceTree = "<group>"; };
		EDB317671C4C4CC6008CE53F /* PlayerToken.h */ = {isa = PBXFileReference; fileEncoding = 4; lastKnownFileType = sourcecode.c.h; name = PlayerToken.h; path = ../PlayerToken.h; sourceTree = "<group>"; };
		EDB317681C4C4CC6008CE53F /* PlayerToken.m */ = {isa = PBXFileReference; fileEncoding = 4; lastKnownFileType = sourcecode.c.objc; name = PlayerToken.m; path = ../PlayerToken.m; sourceTree = "<group>"; };
		EDB317731C4C4E93008CE53F /* GameBoardSquare.h */ = {isa = PBXFileReference; fileEncoding = 4; lastKnownFileType = sourcecode.c.h; name = GameBoardSquare.h; path = ../GameBoardSquare.h; sourceTree = "<group>"; };
		EDB317741C4C4E93008CE53F /* GameBoardSquare.m */ = {isa = PBXFileReference; fileEncoding = 4; lastKnownFileType = sourcecode.c.objc; name = GameBoardSquare.m; path = ../GameBoardSquare.m; sourceTree = "<group>"; };
		EDB317761C4C6A7E008CE53F /* InputController.h */ = {isa = PBXFileReference; fileEncoding = 4; lastKnownFileType = sourcecode.c.h; path = InputController.h; sourceTree = "<group>"; };
		EDB317771C4C6A7E008CE53F /* InputController.m */ = {isa = PBXFileReference; fileEncoding = 4; lastKnownFileType = sourcecode.c.objc; path = InputController.m; sourceTree = "<group>"; };
/* End PBXFileReference section */

/* Begin PBXFrameworksBuildPhase section */
		EDB317571C4C4A75008CE53F /* Frameworks */ = {
			isa = PBXFrameworksBuildPhase;
			buildActionMask = 2147483647;
			files = (
			);
			runOnlyForDeploymentPostprocessing = 0;
		};
/* End PBXFrameworksBuildPhase section */

/* Begin PBXGroup section */
		EDB317511C4C4A75008CE53F = {
			isa = PBXGroup;
			children = (
				EDB3175C1C4C4A75008CE53F /* SnakesAndLadders */,
				EDB3175B1C4C4A75008CE53F /* Products */,
			);
			sourceTree = "<group>";
		};
		EDB3175B1C4C4A75008CE53F /* Products */ = {
			isa = PBXGroup;
			children = (
				EDB3175A1C4C4A75008CE53F /* SnakesAndLadders */,
			);
			name = Products;
			sourceTree = "<group>";
		};
		EDB3175C1C4C4A75008CE53F /* SnakesAndLadders */ = {
			isa = PBXGroup;
			children = (
				EDB3175D1C4C4A75008CE53F /* main.m */,
				EDB317671C4C4CC6008CE53F /* PlayerToken.h */,
				EDB317681C4C4CC6008CE53F /* PlayerToken.m */,
				EDB317641C4C4C7C008CE53F /* GameBoard.h */,
				EDB317651C4C4C7C008CE53F /* GameBoard.m */,
				EDB317731C4C4E93008CE53F /* GameBoardSquare.h */,
				EDB317741C4C4E93008CE53F /* GameBoardSquare.m */,
				EDB317761C4C6A7E008CE53F /* InputController.h */,
				EDB317771C4C6A7E008CE53F /* InputController.m */,
			);
			path = SnakesAndLadders;
			sourceTree = "<group>";
		};
/* End PBXGroup section */

/* Begin PBXNativeTarget section */
		EDB317591C4C4A75008CE53F /* SnakesAndLadders */ = {
			isa = PBXNativeTarget;
			buildConfigurationList = EDB317611C4C4A75008CE53F /* Build configuration list for PBXNativeTarget "SnakesAndLadders" */;
			buildPhases = (
				EDB317561C4C4A75008CE53F /* Sources */,
				EDB317571C4C4A75008CE53F /* Frameworks */,
				EDB317581C4C4A75008CE53F /* CopyFiles */,
			);
			buildRules = (
			);
			dependencies = (
			);
			name = SnakesAndLadders;
			productName = SnakesAndLadders;
			productReference = EDB3175A1C4C4A75008CE53F /* SnakesAndLadders */;
			productType = "com.apple.product-type.tool";
		};
/* End PBXNativeTarget section */

/* Begin PBXProject section */
		EDB317521C4C4A75008CE53F /* Project object */ = {
			isa = PBXProject;
			attributes = {
				LastUpgradeCheck = 0720;
				ORGANIZATIONNAME = "Carl Udren";
				TargetAttributes = {
					EDB317591C4C4A75008CE53F = {
						CreatedOnToolsVersion = 7.2;
					};
				};
			};
			buildConfigurationList = EDB317551C4C4A75008CE53F /* Build configuration list for PBXProject "SnakesAndLadders" */;
			compatibilityVersion = "Xcode 3.2";
			developmentRegion = English;
			hasScannedForEncodings = 0;
			knownRegions = (
				en,
			);
			mainGroup = EDB317511C4C4A75008CE53F;
			productRefGroup = EDB3175B1C4C4A75008CE53F /* Products */;
			projectDirPath = "";
			projectRoot = "";
			targets = (
				EDB317591C4C4A75008CE53F /* SnakesAndLadders */,
			);
		};
/* End PBXProject section */

/* Begin PBXSourcesBuildPhase section */
		EDB317561C4C4A75008CE53F /* Sources */ = {
			isa = PBXSourcesBuildPhase;
			buildActionMask = 2147483647;
			files = (
				EDB317751C4C4E93008CE53F /* GameBoardSquare.m in Sources */,
				EDB317781C4C6A7E008CE53F /* InputController.m in Sources */,
				EDB317691C4C4CC6008CE53F /* PlayerToken.m in Sources */,
				EDB317661C4C4C7C008CE53F /* GameBoard.m in Sources */,
				EDB3175E1C4C4A75008CE53F /* main.m in Sources */,
			);
			runOnlyForDeploymentPostprocessing = 0;
		};
/* End PBXSourcesBuildPhase section */

/* Begin XCBuildConfiguration section */
		EDB3175F1C4C4A75008CE53F /* Debug */ = {
			isa = XCBuildConfiguration;
			buildSettings = {
				ALWAYS_SEARCH_USER_PATHS = NO;
				CLANG_CXX_LANGUAGE_STANDARD = "gnu++0x";
				CLANG_CXX_LIBRARY = "libc++";
				CLANG_ENABLE_MODULES = YES;
				CLANG_ENABLE_OBJC_ARC = YES;
				CLANG_WARN_BOOL_CONVERSION = YES;
				CLANG_WARN_CONSTANT_CONVERSION = YES;
				CLANG_WARN_DIRECT_OBJC_ISA_USAGE = YES_ERROR;
				CLANG_WARN_EMPTY_BODY = YES;
				CLANG_WARN_ENUM_CONVERSION = YES;
				CLANG_WARN_INT_CONVERSION = YES;
				CLANG_WARN_OBJC_ROOT_CLASS = YES_ERROR;
				CLANG_WARN_UNREACHABLE_CODE = YES;
				CLANG_WARN__DUPLICATE_METHOD_MATCH = YES;
				CODE_SIGN_IDENTITY = "-";
				COPY_PHASE_STRIP = NO;
				DEBUG_INFORMATION_FORMAT = dwarf;
				ENABLE_STRICT_OBJC_MSGSEND = YES;
				ENABLE_TESTABILITY = YES;
				GCC_C_LANGUAGE_STANDARD = gnu99;
				GCC_DYNAMIC_NO_PIC = NO;
				GCC_NO_COMMON_BLOCKS = YES;
				GCC_OPTIMIZATION_LEVEL = 0;
				GCC_PREPROCESSOR_DEFINITIONS = (
					"DEBUG=1",
					"$(inherited)",
				);
				GCC_WARN_64_TO_32_BIT_CONVERSION = YES;
				GCC_WARN_ABOUT_RETURN_TYPE = YES_ERROR;
				GCC_WARN_UNDECLARED_SELECTOR = YES;
				GCC_WARN_UNINITIALIZED_AUTOS = YES_AGGRESSIVE;
				GCC_WARN_UNUSED_FUNCTION = YES;
				GCC_WARN_UNUSED_VARIABLE = YES;
				MACOSX_DEPLOYMENT_TARGET = 10.11;
				MTL_ENABLE_DEBUG_INFO = YES;
				ONLY_ACTIVE_ARCH = YES;
				SDKROOT = macosx;
			};
			name = Debug;
		};
		EDB317601C4C4A75008CE53F /* Release */ = {
			isa = XCBuildConfiguration;
			buildSettings = {
				ALWAYS_SEARCH_USER_PATHS = NO;
				CLANG_CXX_LANGUAGE_STANDARD = "gnu++0x";
				CLANG_CXX_LIBRARY = "libc++";
				CLANG_ENABLE_MODULES = YES;
				CLANG_ENABLE_OBJC_ARC = YES;
				CLANG_WARN_BOOL_CONVERSION = YES;
				CLANG_WARN_CONSTANT_CONVERSION = YES;
				CLANG_WARN_DIRECT_OBJC_ISA_USAGE = YES_ERROR;
				CLANG_WARN_EMPTY_BODY = YES;
				CLANG_WARN_ENUM_CONVERSION = YES;
				CLANG_WARN_INT_CONVERSION = YES;
				CLANG_WARN_OBJC_ROOT_CLASS = YES_ERROR;
				CLANG_WARN_UNREACHABLE_CODE = YES;
				CLANG_WARN__DUPLICATE_METHOD_MATCH = YES;
				CODE_SIGN_IDENTITY = "-";
				COPY_PHASE_STRIP = NO;
				DEBUG_INFORMATION_FORMAT = "dwarf-with-dsym";
				ENABLE_NS_ASSERTIONS = NO;
				ENABLE_STRICT_OBJC_MSGSEND = YES;
				GCC_C_LANGUAGE_STANDARD = gnu99;
				GCC_NO_COMMON_BLOCKS = YES;
				GCC_WARN_64_TO_32_BIT_CONVERSION = YES;
				GCC_WARN_ABOUT_RETURN_TYPE = YES_ERROR;
				GCC_WARN_UNDECLARED_SELECTOR = YES;
				GCC_WARN_UNINITIALIZED_AUTOS = YES_AGGRESSIVE;
				GCC_WARN_UNUSED_FUNCTION = YES;
				GCC_WARN_UNUSED_VARIABLE = YES;
				MACOSX_DEPLOYMENT_TARGET = 10.11;
				MTL_ENABLE_DEBUG_INFO = NO;
				SDKROOT = macosx;
			};
			name = Release;
		};
		EDB317621C4C4A75008CE53F /* Debug */ = {
			isa = XCBuildConfiguration;
			buildSettings = {
				PRODUCT_NAME = "$(TARGET_NAME)";
			};
			name = Debug;
		};
		EDB317631C4C4A75008CE53F /* Release */ = {
			isa = XCBuildConfiguration;
			buildSettings = {
				PRODUCT_NAME = "$(TARGET_NAME)";
			};
			name = Release;
		};
/* End XCBuildConfiguration section */

/* Begin XCConfigurationList section */
		EDB317551C4C4A75008CE53F /* Build configuration list for PBXProject "SnakesAndLadders" */ = {
			isa = XCConfigurationList;
			buildConfigurations = (
				EDB3175F1C4C4A75008CE53F /* Debug */,
				EDB317601C4C4A75008CE53F /* Release */,
			);
			defaultConfigurationIsVisible = 0;
			defaultConfigurationName = Release;
		};
		EDB317611C4C4A75008CE53F /* Build configuration list for PBXNativeTarget "SnakesAndLadders" */ = {
			isa = XCConfigurationList;
			buildConfigurations = (
				EDB317621C4C4A75008CE53F /* Debug */,
				EDB317631C4C4A75008CE53F /* Release */,
			);
			defaultConfigurationIsVisible = 0;
		};
/* End XCConfigurationList section */
	};
	rootObject = EDB317521C4C4A75008CE53F /* Project object */;
}
